
Microsoft Visual Studio Solution File, Format Version 12.00
# Visual Studio 14
VisualStudioVersion = 14.0.25420.1
MinimumVisualStudioVersion = 10.0.40219.1
Project("{FAE04EC0-301F-11D3-BF4B-00C04F79EFBC}") = "TestConsole", "TestConsole\TestConsole.csproj", "{5F960D8B-9308-4953-93A7-2DF9BFECB794}"
EndProject
Project("{FAE04EC0-301F-11D3-BF4B-00C04F79EFBC}") = "LIB", "LIB\LIB.csproj", "{67C084A6-EA8D-4D4B-A2CC-A6ADE4228DC6}"
EndProject
Global
	GlobalSection(SolutionConfigurationPlatforms) = preSolution
		Debug|Any CPU = Debug|Any CPU
		Release|Any CPU = Release|Any CPU
	EndGlobalSection
	GlobalSection(ProjectConfigurationPlatforms) = postSolution
		{5F960D8B-9308-4953-93A7-2DF9BFECB794}.Debug|Any CPU.ActiveCfg = Debug|Any CPU
		{5F960D8B-9308-4953-93A7-2DF9BFECB794}.Debug|Any CPU.Build.0 = Debug|Any CPU
		{5F960D8B-9308-4953-93A7-2DF9BFECB794}.Release|Any CPU.ActiveCfg = Release|Any CPU
		{5F960D8B-9308-4953-93A7-2DF9BFECB794}.Release|Any CPU.Build.0 = Release|Any CPU
		{67C084A6-EA8D-4D4B-A2CC-A6ADE4228DC6}.Debug|Any CPU.ActiveCfg = Debug|Any CPU
		{67C084A6-EA8D-4D4B-A2CC-A6ADE4228DC6}.Debug|Any CPU.Build.0 = Debug|Any CPU
		{67C084A6-EA8D-4D4B-A2CC-A6ADE4228DC6}.Release|Any CPU.ActiveCfg = Release|Any CPU
		{67C084A6-EA8D-4D4B-A2CC-A6ADE4228DC6}.Release|Any CPU.Build.0 = Release|Any CPU
	EndGlobalSection
	GlobalSection(SolutionProperties) = preSolution
		HideSolutionNode = FALSE
	EndGlobalSection
EndGlobal
